
Microsoft Visual Studio Solution File, Format Version 12.00
# Visual Studio Version 17
VisualStudioVersion = 17.10.34916.146
MinimumVisualStudioVersion = 10.0.40219.1
Project("{2150E333-8FDC-42A3-9474-1A3956D46DE8}") = "Services", "Services", "{419BB223-7D6D-479A-9600-5AAD07994CD0}"
EndProject
Project("{2150E333-8FDC-42A3-9474-1A3956D46DE8}") = "Catalog", "Catalog", "{45A9F3DE-3375-4CD1-8787-E10A8C5E1939}"
EndProject
Project("{9A19103F-16F7-4668-BE54-9A1E7A4F7556}") = "Catalog.API", "Services\Catalog\Catalog.API\Catalog.API.csproj", "{1B70CE80-803B-465E-8473-C620DBDAEA91}"
EndProject
Project("{2150E333-8FDC-42A3-9474-1A3956D46DE8}") = "BuildingBlocks", "BuildingBlocks", "{05B8C9C5-C031-4568-902C-CF1A2BA89BAD}"
EndProject
Project("{9A19103F-16F7-4668-BE54-9A1E7A4F7556}") = "BuildingBlocks", "BuildingBlocks\BuildingBlocks\BuildingBlocks.csproj", "{B36A8FE3-C1AA-41DC-97A3-D62507AF54CC}"
EndProject
Project("{E53339B2-1760-4266-BCC7-CA923CBCF16C}") = "docker-compose", "docker-compose.dcproj", "{4D0E32B8-968B-418A-A819-49BBE07CB3E5}"
EndProject
Project("{2150E333-8FDC-42A3-9474-1A3956D46DE8}") = "Basket", "Basket", "{16567FCD-63EC-471E-878F-92B5A6C79817}"
EndProject
Project("{9A19103F-16F7-4668-BE54-9A1E7A4F7556}") = "Basket.API", "Services\Basket\Basket.API\Basket.API.csproj", "{8F25F644-A774-471C-8C4A-3DFCB15715CF}"
EndProject
Project("{2150E333-8FDC-42A3-9474-1A3956D46DE8}") = "Discount", "Discount", "{529BC62B-B5CF-4C4B-94F3-4E2C57A56936}"
EndProject
Project("{FAE04EC0-301F-11D3-BF4B-00C04F79EFBC}") = "Discount.Grpc", "Services\Discount\Discount.Grpc\Discount.Grpc.csproj", "{98324AAE-09B2-41C9-81B8-34C18EF47A00}"
EndProject
Project("{2150E333-8FDC-42A3-9474-1A3956D46DE8}") = "Ordering", "Ordering", "{7B0518C2-A0CF-4722-8251-2505CE8943A9}"
EndProject
Project("{FAE04EC0-301F-11D3-BF4B-00C04F79EFBC}") = "Ordering.API", "Services\Ordering\Ordering.API\Ordering.API.csproj", "{251424AA-7876-4108-95D3-B55BCE24272E}"
EndProject
Project("{FAE04EC0-301F-11D3-BF4B-00C04F79EFBC}") = "Ordering.Domain", "Services\Ordering\Ordering.Domain\Ordering.Domain.csproj", "{7E1F1AE9-902C-45DB-B969-20C55267C769}"
EndProject
Project("{FAE04EC0-301F-11D3-BF4B-00C04F79EFBC}") = "Ordering.Application", "Services\Ordering\Ordering.Application\Ordering.Application.csproj", "{142E0E33-5069-4A69-9687-1ABB44ABCB9D}"
EndProject
Project("{FAE04EC0-301F-11D3-BF4B-00C04F79EFBC}") = "Ordering.Infrastructure", "Services\Ordering\Ordering.Infrastructure\Ordering.Infrastructure.csproj", "{5C48C382-860D-40B8-863A-43EC9AF54939}"
EndProject
Global
	GlobalSection(SolutionConfigurationPlatforms) = preSolution
		Debug|Any CPU = Debug|Any CPU
		Release|Any CPU = Release|Any CPU
	EndGlobalSection
	GlobalSection(ProjectConfigurationPlatforms) = postSolution
		{1B70CE80-803B-465E-8473-C620DBDAEA91}.Debug|Any CPU.ActiveCfg = Debug|Any CPU
		{1B70CE80-803B-465E-8473-C620DBDAEA91}.Debug|Any CPU.Build.0 = Debug|Any CPU
		{1B70CE80-803B-465E-8473-C620DBDAEA91}.Release|Any CPU.ActiveCfg = Release|Any CPU
		{1B70CE80-803B-465E-8473-C620DBDAEA91}.Release|Any CPU.Build.0 = Release|Any CPU
		{B36A8FE3-C1AA-41DC-97A3-D62507AF54CC}.Debug|Any CPU.ActiveCfg = Debug|Any CPU
		{B36A8FE3-C1AA-41DC-97A3-D62507AF54CC}.Debug|Any CPU.Build.0 = Debug|Any CPU
		{B36A8FE3-C1AA-41DC-97A3-D62507AF54CC}.Release|Any CPU.ActiveCfg = Release|Any CPU
		{B36A8FE3-C1AA-41DC-97A3-D62507AF54CC}.Release|Any CPU.Build.0 = Release|Any CPU
		{4D0E32B8-968B-418A-A819-49BBE07CB3E5}.Debug|Any CPU.ActiveCfg = Debug|Any CPU
		{4D0E32B8-968B-418A-A819-49BBE07CB3E5}.Debug|Any CPU.Build.0 = Debug|Any CPU
		{4D0E32B8-968B-418A-A819-49BBE07CB3E5}.Release|Any CPU.ActiveCfg = Release|Any CPU
		{4D0E32B8-968B-418A-A819-49BBE07CB3E5}.Release|Any CPU.Build.0 = Release|Any CPU
		{8F25F644-A774-471C-8C4A-3DFCB15715CF}.Debug|Any CPU.ActiveCfg = Debug|Any CPU
		{8F25F644-A774-471C-8C4A-3DFCB15715CF}.Debug|Any CPU.Build.0 = Debug|Any CPU
		{8F25F644-A774-471C-8C4A-3DFCB15715CF}.Release|Any CPU.ActiveCfg = Release|Any CPU
		{8F25F644-A774-471C-8C4A-3DFCB15715CF}.Release|Any CPU.Build.0 = Release|Any CPU
		{98324AAE-09B2-41C9-81B8-34C18EF47A00}.Debug|Any CPU.ActiveCfg = Debug|Any CPU
		{98324AAE-09B2-41C9-81B8-34C18EF47A00}.Debug|Any CPU.Build.0 = Debug|Any CPU
		{98324AAE-09B2-41C9-81B8-34C18EF47A00}.Release|Any CPU.ActiveCfg = Release|Any CPU
		{98324AAE-09B2-41C9-81B8-34C18EF47A00}.Release|Any CPU.Build.0 = Release|Any CPU
		{251424AA-7876-4108-95D3-B55BCE24272E}.Debug|Any CPU.ActiveCfg = Debug|Any CPU
		{251424AA-7876-4108-95D3-B55BCE24272E}.Debug|Any CPU.Build.0 = Debug|Any CPU
		{251424AA-7876-4108-95D3-B55BCE24272E}.Release|Any CPU.ActiveCfg = Release|Any CPU
		{251424AA-7876-4108-95D3-B55BCE24272E}.Release|Any CPU.Build.0 = Release|Any CPU
		{7E1F1AE9-902C-45DB-B969-20C55267C769}.Debug|Any CPU.ActiveCfg = Debug|Any CPU
		{7E1F1AE9-902C-45DB-B969-20C55267C769}.Debug|Any CPU.Build.0 = Debug|Any CPU
		{7E1F1AE9-902C-45DB-B969-20C55267C769}.Release|Any CPU.ActiveCfg = Release|Any CPU
		{7E1F1AE9-902C-45DB-B969-20C55267C769}.Release|Any CPU.Build.0 = Release|Any CPU
		{142E0E33-5069-4A69-9687-1ABB44ABCB9D}.Debug|Any CPU.ActiveCfg = Debug|Any CPU
		{142E0E33-5069-4A69-9687-1ABB44ABCB9D}.Debug|Any CPU.Build.0 = Debug|Any CPU
		{142E0E33-5069-4A69-9687-1ABB44ABCB9D}.Release|Any CPU.ActiveCfg = Release|Any CPU
		{142E0E33-5069-4A69-9687-1ABB44ABCB9D}.Release|Any CPU.Build.0 = Release|Any CPU
		{5C48C382-860D-40B8-863A-43EC9AF54939}.Debug|Any CPU.ActiveCfg = Debug|Any CPU
		{5C48C382-860D-40B8-863A-43EC9AF54939}.Debug|Any CPU.Build.0 = Debug|Any CPU
		{5C48C382-860D-40B8-863A-43EC9AF54939}.Release|Any CPU.ActiveCfg = Release|Any CPU
		{5C48C382-860D-40B8-863A-43EC9AF54939}.Release|Any CPU.Build.0 = Release|Any CPU
	EndGlobalSection
	GlobalSection(SolutionProperties) = preSolution
		HideSolutionNode = FALSE
	EndGlobalSection
	GlobalSection(NestedProjects) = preSolution
		{45A9F3DE-3375-4CD1-8787-E10A8C5E1939} = {419BB223-7D6D-479A-9600-5AAD07994CD0}
		{1B70CE80-803B-465E-8473-C620DBDAEA91} = {45A9F3DE-3375-4CD1-8787-E10A8C5E1939}
		{B36A8FE3-C1AA-41DC-97A3-D62507AF54CC} = {05B8C9C5-C031-4568-902C-CF1A2BA89BAD}
		{16567FCD-63EC-471E-878F-92B5A6C79817} = {419BB223-7D6D-479A-9600-5AAD07994CD0}
		{8F25F644-A774-471C-8C4A-3DFCB15715CF} = {16567FCD-63EC-471E-878F-92B5A6C79817}
		{529BC62B-B5CF-4C4B-94F3-4E2C57A56936} = {419BB223-7D6D-479A-9600-5AAD07994CD0}
		{98324AAE-09B2-41C9-81B8-34C18EF47A00} = {529BC62B-B5CF-4C4B-94F3-4E2C57A56936}
		{7B0518C2-A0CF-4722-8251-2505CE8943A9} = {419BB223-7D6D-479A-9600-5AAD07994CD0}
		{251424AA-7876-4108-95D3-B55BCE24272E} = {7B0518C2-A0CF-4722-8251-2505CE8943A9}
		{7E1F1AE9-902C-45DB-B969-20C55267C769} = {7B0518C2-A0CF-4722-8251-2505CE8943A9}
		{142E0E33-5069-4A69-9687-1ABB44ABCB9D} = {7B0518C2-A0CF-4722-8251-2505CE8943A9}
		{5C48C382-860D-40B8-863A-43EC9AF54939} = {7B0518C2-A0CF-4722-8251-2505CE8943A9}
	EndGlobalSection
	GlobalSection(ExtensibilityGlobals) = postSolution
		SolutionGuid = {508D2E59-A5DC-4B4F-98B6-BEAACC2E302E}
	EndGlobalSection
EndGlobal
